
Microsoft Visual Studio Solution File, Format Version 12.00
# Visual Studio Version 17
VisualStudioVersion = 17.5.33414.496
MinimumVisualStudioVersion = 10.0.40219.1
Project("{9A19103F-16F7-4668-BE54-9A1E7A4F7556}") = "Rhinero.Shouter", "Rhinero.Shouter\Rhinero.Shouter.csproj", "{7BD053A4-A7CF-43A4-B8D1-12C3938723FC}"
EndProject
Project("{9A19103F-16F7-4668-BE54-9A1E7A4F7556}") = "Rhinero.Shouter.Shared", "Rhinero.Shouter.Shared\Rhinero.Shouter.Shared.csproj", "{F4368636-42A0-4C94-AD61-E0A13D25D9A1}"
EndProject
Project("{9A19103F-16F7-4668-BE54-9A1E7A4F7556}") = "Rhinero.Shouter.Client", "Rhinero.Shouter.Client\Rhinero.Shouter.Client.csproj", "{9713B94E-F3DF-417A-B45A-1DA6171DA497}"
EndProject
Project("{9A19103F-16F7-4668-BE54-9A1E7A4F7556}") = "Rhinero.Shouter.TestingAPI", "Rhinero.Shouter.TestingAPI\Rhinero.Shouter.TestingAPI.csproj", "{1BCDB3AA-3673-4136-8089-8BEF0BF4C7D7}"
EndProject
Project("{9A19103F-16F7-4668-BE54-9A1E7A4F7556}") = "Rhinero.Shouter.Contracts", "Rhinero.Shouter.Contracts\Rhinero.Shouter.Contracts.csproj", "{01906410-4EB3-4255-A39B-65B33D38A45A}"
EndProject
Project("{FAE04EC0-301F-11D3-BF4B-00C04F79EFBC}") = "TestGrpcService", "TestGrpcService\TestGrpcService.csproj", "{8CF4ED50-6C10-467D-AF08-1566B42ABAE5}"
EndProject
Global
	GlobalSection(SolutionConfigurationPlatforms) = preSolution
		Debug|Any CPU = Debug|Any CPU
		Release|Any CPU = Release|Any CPU
	EndGlobalSection
	GlobalSection(ProjectConfigurationPlatforms) = postSolution
		{7BD053A4-A7CF-43A4-B8D1-12C3938723FC}.Debug|Any CPU.ActiveCfg = Debug|Any CPU
		{7BD053A4-A7CF-43A4-B8D1-12C3938723FC}.Debug|Any CPU.Build.0 = Debug|Any CPU
		{7BD053A4-A7CF-43A4-B8D1-12C3938723FC}.Release|Any CPU.ActiveCfg = Release|Any CPU
		{7BD053A4-A7CF-43A4-B8D1-12C3938723FC}.Release|Any CPU.Build.0 = Release|Any CPU
		{F4368636-42A0-4C94-AD61-E0A13D25D9A1}.Debug|Any CPU.ActiveCfg = Debug|Any CPU
		{F4368636-42A0-4C94-AD61-E0A13D25D9A1}.Debug|Any CPU.Build.0 = Debug|Any CPU
		{F4368636-42A0-4C94-AD61-E0A13D25D9A1}.Release|Any CPU.ActiveCfg = Release|Any CPU
		{F4368636-42A0-4C94-AD61-E0A13D25D9A1}.Release|Any CPU.Build.0 = Release|Any CPU
		{9713B94E-F3DF-417A-B45A-1DA6171DA497}.Debug|Any CPU.ActiveCfg = Debug|Any CPU
		{9713B94E-F3DF-417A-B45A-1DA6171DA497}.Debug|Any CPU.Build.0 = Debug|Any CPU
		{9713B94E-F3DF-417A-B45A-1DA6171DA497}.Release|Any CPU.ActiveCfg = Release|Any CPU
		{9713B94E-F3DF-417A-B45A-1DA6171DA497}.Release|Any CPU.Build.0 = Release|Any CPU
		{1BCDB3AA-3673-4136-8089-8BEF0BF4C7D7}.Debug|Any CPU.ActiveCfg = Debug|Any CPU
		{1BCDB3AA-3673-4136-8089-8BEF0BF4C7D7}.Debug|Any CPU.Build.0 = Debug|Any CPU
		{1BCDB3AA-3673-4136-8089-8BEF0BF4C7D7}.Release|Any CPU.ActiveCfg = Release|Any CPU
		{01906410-4EB3-4255-A39B-65B33D38A45A}.Debug|Any CPU.ActiveCfg = Debug|Any CPU
		{01906410-4EB3-4255-A39B-65B33D38A45A}.Debug|Any CPU.Build.0 = Debug|Any CPU
		{01906410-4EB3-4255-A39B-65B33D38A45A}.Release|Any CPU.ActiveCfg = Release|Any CPU
		{01906410-4EB3-4255-A39B-65B33D38A45A}.Release|Any CPU.Build.0 = Release|Any CPU
		{8CF4ED50-6C10-467D-AF08-1566B42ABAE5}.Debug|Any CPU.ActiveCfg = Debug|Any CPU
		{8CF4ED50-6C10-467D-AF08-1566B42ABAE5}.Debug|Any CPU.Build.0 = Debug|Any CPU
		{8CF4ED50-6C10-467D-AF08-1566B42ABAE5}.Release|Any CPU.ActiveCfg = Release|Any CPU
		{8CF4ED50-6C10-467D-AF08-1566B42ABAE5}.Release|Any CPU.Build.0 = Release|Any CPU
	EndGlobalSection
	GlobalSection(SolutionProperties) = preSolution
		HideSolutionNode = FALSE
	EndGlobalSection
	GlobalSection(ExtensibilityGlobals) = postSolution
		SolutionGuid = {5A3B4709-6D2D-418B-AF40-C052A6457A91}
	EndGlobalSection
EndGlobal
